{"version":4,"terraform_version":"1.11.5","serial":2,"lineage":"ef3e6e32-1581-66c2-e483-a9419fb3e52b","outputs":{"endpoint":{"value":"127.0.0.1:7777","type":"string"},"how_to_play":{"value":"Gioca con PowerShell: .\\client\\play.ps1","type":"string"}},"resources":[{"mode":"managed","type":"docker_container","name":"server","provider":"provider[\"registry.opentofu.org/kreuzwerker/docker\"]","instances":[{"schema_version":2,"attributes":{"attach":false,"bridge":"","capabilities":[],"cgroup_parent":null,"cgroupns_mode":null,"command":["python","-u","slot_server.py"],"container_logs":null,"container_read_refresh_timeout_milliseconds":15000,"cpu_period":null,"cpu_quota":null,"cpu_set":"","cpu_shares":0,"cpus":null,"destroy_grace_seconds":null,"devices":[],"dns":null,"dns_opts":null,"dns_search":null,"domainname":"","entrypoint":[],"env":[],"exit_code":null,"gpus":null,"group_add":null,"healthcheck":null,"host":[],"hostname":"e645998e4bde","id":"e645998e4bde154a9378b0cfa0cc0802a4b6056de46c4162708dbfbf512c71fc","image":"sha256:65478e068c088fdf2015e005e40602c4e20fe2090345b1da7ec8e9abb1a5c997","init":false,"ipc_mode":"private","labels":[],"log_driver":"json-file","log_opts":null,"logs":false,"max_retry_count":0,"memory":0,"memory_reservation":0,"memory_swap":0,"mounts":[],"must_run":true,"name":"slot-server","network_data":[{"gateway":"172.17.0.1","global_ipv6_address":"","global_ipv6_prefix_length":0,"ip_address":"172.17.0.4","ip_prefix_length":16,"ipv6_gateway":"","mac_address":"ba:73:c1:ac:c8:b8","network_name":"bridge"}],"network_mode":"bridge","networks_advanced":[],"pid_mode":"","ports":[{"external":7777,"internal":7777,"ip":"0.0.0.0","protocol":"tcp"}],"privileged":false,"publish_all_ports":false,"read_only":false,"remove_volumes":true,"restart":"no","rm":false,"runtime":"runc","security_opts":[],"shm_size":64,"start":true,"stdin_open":false,"stop_signal":"","stop_timeout":1,"storage_opts":null,"sysctls":null,"tmpfs":null,"tty":false,"ulimit":[],"upload":[],"user":"","userns_mode":"","volumes":[{"container_path":"/data","from_container":"","host_path":"","read_only":null,"volume_name":"slot_data"}],"wait":false,"wait_timeout":60,"working_dir":"/work"},"sensitive_attributes":[],"private":"eyJzY2hlbWFfdmVyc2lvbiI6IjIifQ==","dependencies":["docker_image.slot","docker_volume.data"]}]},{"mode":"managed","type":"docker_image","name":"slot","provider":"provider[\"registry.opentofu.org/kreuzwerker/docker\"]","instances":[{"schema_version":0,"attributes":{"build":[{"additional_contexts":[],"auth_config":[],"build_args":{},"build_id":"","build_log_file":"","builder":"","cache_from":[],"cache_to":[],"cgroup_parent":"","context":".","cpu_period":0,"cpu_quota":0,"cpu_set_cpus":"","cpu_set_mems":"","cpu_shares":0,"dockerfile":"Dockerfile","extra_hosts":[],"force_remove":false,"isolation":"","label":{},"labels":{},"memory":0,"memory_swap":0,"network_mode":"","no_cache":false,"platform":"","pull_parent":false,"remote_context":"","remove":true,"secrets":[],"security_opt":[],"session_id":"","shm_size":0,"squash":false,"suppress_output":false,"tag":[],"target":"","ulimit":[],"version":""}],"force_remove":null,"id":"sha256:65478e068c088fdf2015e005e40602c4e20fe2090345b1da7ec8e9abb1a5c997slot-machine:latest","image_id":"sha256:65478e068c088fdf2015e005e40602c4e20fe2090345b1da7ec8e9abb1a5c997","keep_locally":null,"name":"slot-machine:latest","platform":null,"pull_triggers":null,"repo_digest":"slot-machine@sha256:65478e068c088fdf2015e005e40602c4e20fe2090345b1da7ec8e9abb1a5c997","timeouts":null,"triggers":null},"sensitive_attributes":[],"private":"eyJlMmJmYjczMC1lY2FhLTExZTYtOGY4OC0zNDM2M2JjN2M0YzAiOnsiY3JlYXRlIjoxMjAwMDAwMDAwMDAwLCJkZWxldGUiOjEyMDAwMDAwMDAwMDAsInVwZGF0ZSI6MTIwMDAwMDAwMDAwMH19"}]},{"mode":"managed","type":"docker_volume","name":"data","provider":"provider[\"registry.opentofu.org/kreuzwerker/docker\"]","instances":[{"schema_version":1,"attributes":{"cluster":[],"driver":"local","driver_opts":{},"id":"slot_data","labels":[],"mountpoint":"/var/lib/docker/volumes/slot_data/_data","name":"slot_data"},"sensitive_attributes":[],"private":"eyJzY2hlbWFfdmVyc2lvbiI6IjEifQ=="}]}],"check_results":null}
