{"version":4,"terraform_version":"1.11.5","serial":1,"lineage":"ef3e6e32-1581-66c2-e483-a9419fb3e52b","outputs":{"play_instructions":{"value":"1) tofu apply\r\n2) per giocare: docker attach slot-client\r\n   - comandi: spin | stats | quit\r\n   - per uscire SENZA spegnere: Ctrl-p Ctrl-q\r\n3) log server: docker logs -f slot-server\r\n","type":"string"},"server_endpoint_host":{"value":"127.0.0.1:7777","type":"string"},"volume_name":{"value":"slot_data","type":"string"}},"resources":[{"mode":"managed","type":"docker_container","name":"client","provider":"provider[\"registry.opentofu.org/kreuzwerker/docker\"]","instances":[{"schema_version":2,"attributes":{"attach":false,"bridge":"","capabilities":[],"cgroup_parent":null,"cgroupns_mode":null,"command":["sh","-c","sleep infinity"],"container_logs":null,"container_read_refresh_timeout_milliseconds":15000,"cpu_period":null,"cpu_quota":null,"cpu_set":"","cpu_shares":0,"cpus":null,"destroy_grace_seconds":null,"devices":[],"dns":null,"dns_opts":null,"dns_search":null,"domainname":"","entrypoint":[],"env":[],"exit_code":null,"gpus":null,"group_add":null,"healthcheck":null,"host":[],"hostname":"84ce12fe048f","id":"84ce12fe048f98629beb6eb16e9b03a759d3ccf0eca68c1a8294928a54744eeb","image":"sha256:65478e068c088fdf2015e005e40602c4e20fe2090345b1da7ec8e9abb1a5c997","init":false,"ipc_mode":"private","labels":[],"log_driver":"json-file","log_opts":null,"logs":false,"max_retry_count":0,"memory":0,"memory_reservation":0,"memory_swap":0,"mounts":[],"must_run":true,"name":"slot-client","network_data":[{"gateway":"172.17.0.1","global_ipv6_address":"","global_ipv6_prefix_length":0,"ip_address":"172.17.0.5","ip_prefix_length":16,"ipv6_gateway":"","mac_address":"02:28:ea:3c:13:ba","network_name":"bridge"}],"network_mode":"bridge","networks_advanced":[],"pid_mode":"","ports":[],"privileged":false,"publish_all_ports":false,"read_only":false,"remove_volumes":true,"restart":"no","rm":false,"runtime":"runc","security_opts":[],"shm_size":64,"start":true,"stdin_open":true,"stop_signal":"","stop_timeout":1,"storage_opts":null,"sysctls":null,"tmpfs":null,"tty":true,"ulimit":[],"upload":[],"user":"","userns_mode":"","volumes":[],"wait":false,"wait_timeout":60,"working_dir":"/work"},"sensitive_attributes":[],"private":"eyJzY2hlbWFfdmVyc2lvbiI6IjIifQ==","dependencies":["docker_container.server","docker_image.slot","docker_volume.data"]}]},{"mode":"managed","type":"docker_container","name":"server","provider":"provider[\"registry.opentofu.org/kreuzwerker/docker\"]","instances":[{"schema_version":2,"attributes":{"attach":false,"bridge":"","capabilities":[],"cgroup_parent":null,"cgroupns_mode":null,"command":["python","-u","slot_server.py"],"container_logs":null,"container_read_refresh_timeout_milliseconds":15000,"cpu_period":null,"cpu_quota":null,"cpu_set":"","cpu_shares":0,"cpus":null,"destroy_grace_seconds":null,"devices":[],"dns":null,"dns_opts":null,"dns_search":null,"domainname":"","entrypoint":[],"env":[],"exit_code":null,"gpus":null,"group_add":null,"healthcheck":null,"host":[],"hostname":"955a8b38be0c","id":"955a8b38be0cf60bae3942e6a4f8b81a5d36e6241d3f04bff4103186bb4c4d83","image":"sha256:65478e068c088fdf2015e005e40602c4e20fe2090345b1da7ec8e9abb1a5c997","init":false,"ipc_mode":"private","labels":[],"log_driver":"json-file","log_opts":null,"logs":false,"max_retry_count":0,"memory":0,"memory_reservation":0,"memory_swap":0,"mounts":[],"must_run":true,"name":"slot-server","network_data":[{"gateway":"172.17.0.1","global_ipv6_address":"","global_ipv6_prefix_length":0,"ip_address":"172.17.0.4","ip_prefix_length":16,"ipv6_gateway":"","mac_address":"9a:30:6a:a7:59:88","network_name":"bridge"}],"network_mode":"bridge","networks_advanced":[],"pid_mode":"","ports":[{"external":7777,"internal":7777,"ip":"0.0.0.0","protocol":"tcp"}],"privileged":false,"publish_all_ports":false,"read_only":false,"remove_volumes":true,"restart":"no","rm":false,"runtime":"runc","security_opts":[],"shm_size":64,"start":true,"stdin_open":false,"stop_signal":"","stop_timeout":1,"storage_opts":null,"sysctls":null,"tmpfs":null,"tty":false,"ulimit":[],"upload":[],"user":"","userns_mode":"","volumes":[{"container_path":"/data","from_container":"","host_path":"","read_only":null,"volume_name":"slot_data"}],"wait":false,"wait_timeout":60,"working_dir":"/work"},"sensitive_attributes":[],"private":"eyJzY2hlbWFfdmVyc2lvbiI6IjIifQ==","dependencies":["docker_image.slot","docker_volume.data"]}]},{"mode":"managed","type":"docker_image","name":"slot","provider":"provider[\"registry.opentofu.org/kreuzwerker/docker\"]","instances":[{"schema_version":0,"attributes":{"build":[{"additional_contexts":[],"auth_config":[],"build_args":null,"build_id":"","build_log_file":"","builder":"","cache_from":[],"cache_to":[],"cgroup_parent":"","context":".","cpu_period":null,"cpu_quota":null,"cpu_set_cpus":"","cpu_set_mems":"","cpu_shares":null,"dockerfile":"Dockerfile","extra_hosts":[],"force_remove":null,"isolation":"","label":null,"labels":null,"memory":null,"memory_swap":null,"network_mode":"","no_cache":null,"platform":"","pull_parent":null,"remote_context":"","remove":true,"secrets":[],"security_opt":[],"session_id":"","shm_size":null,"squash":null,"suppress_output":null,"tag":[],"target":"","ulimit":[],"version":""}],"force_remove":null,"id":"sha256:65478e068c088fdf2015e005e40602c4e20fe2090345b1da7ec8e9abb1a5c997slot-machine:latest","image_id":"sha256:65478e068c088fdf2015e005e40602c4e20fe2090345b1da7ec8e9abb1a5c997","keep_locally":null,"name":"slot-machine:latest","platform":null,"pull_triggers":null,"repo_digest":"slot-machine@sha256:65478e068c088fdf2015e005e40602c4e20fe2090345b1da7ec8e9abb1a5c997","timeouts":null,"triggers":null},"sensitive_attributes":[],"private":"eyJlMmJmYjczMC1lY2FhLTExZTYtOGY4OC0zNDM2M2JjN2M0YzAiOnsiY3JlYXRlIjoxMjAwMDAwMDAwMDAwLCJkZWxldGUiOjEyMDAwMDAwMDAwMDAsInVwZGF0ZSI6MTIwMDAwMDAwMDAwMH19"}]},{"mode":"managed","type":"docker_volume","name":"data","provider":"provider[\"registry.opentofu.org/kreuzwerker/docker\"]","instances":[{"schema_version":1,"attributes":{"cluster":[],"driver":"local","driver_opts":null,"id":"slot_data","labels":[],"mountpoint":"/var/lib/docker/volumes/slot_data/_data","name":"slot_data"},"sensitive_attributes":[],"private":"eyJzY2hlbWFfdmVyc2lvbiI6IjEifQ=="}]}],"check_results":null}
